// !$*UTF8*$!
{
	archiveVersion = 1;
	classes = {
	};
	objectVersion = 55;
	objects = {

/* Begin PBXBuildFile section */
		A71D726A291C14D700BFB3C9 /* UserDef.swift in Sources */ = {isa = PBXBuildFile; fileRef = A71D7269291C14D700BFB3C9 /* UserDef.swift */; };
		A7361EE22902A65900A0ABFA /* Image.swift in Sources */ = {isa = PBXBuildFile; fileRef = A7361EE12902A65900A0ABFA /* Image.swift */; };
		A7361EE42902A71100A0ABFA /* Strings.swift in Sources */ = {isa = PBXBuildFile; fileRef = A7361EE32902A71100A0ABFA /* Strings.swift */; };
		A7361EE62902B04000A0ABFA /* Gradient.swift in Sources */ = {isa = PBXBuildFile; fileRef = A7361EE52902B04000A0ABFA /* Gradient.swift */; };
		A7361EE82902B50F00A0ABFA /* Toggle.swift in Sources */ = {isa = PBXBuildFile; fileRef = A7361EE72902B50F00A0ABFA /* Toggle.swift */; };
		A7361EEA2902B87D00A0ABFA /* Button.swift in Sources */ = {isa = PBXBuildFile; fileRef = A7361EE92902B87D00A0ABFA /* Button.swift */; };
		A7361EEC2902BC8500A0ABFA /* Fields.swift in Sources */ = {isa = PBXBuildFile; fileRef = A7361EEB2902BC8500A0ABFA /* Fields.swift */; };
		A7361EEE2902BEB300A0ABFA /* changer.swift in Sources */ = {isa = PBXBuildFile; fileRef = A7361EED2902BEB300A0ABFA /* changer.swift */; };
		A7361EF02902C34800A0ABFA /* Picker.swift in Sources */ = {isa = PBXBuildFile; fileRef = A7361EEF2902C34700A0ABFA /* Picker.swift */; };
		A7361EF22902C50800A0ABFA /* Stepper.swift in Sources */ = {isa = PBXBuildFile; fileRef = A7361EF12902C50800A0ABFA /* Stepper.swift */; };
		A74735C8290ED42500CFCF53 /* Alerts.swift in Sources */ = {isa = PBXBuildFile; fileRef = A74735C7290ED42500CFCF53 /* Alerts.swift */; };
		A74D9E0D290ADC25006CE335 /* NavigationView.swift in Sources */ = {isa = PBXBuildFile; fileRef = A74D9E0C290ADC25006CE335 /* NavigationView.swift */; };
		A74D9E0F290ADF63006CE335 /* TabView.swift in Sources */ = {isa = PBXBuildFile; fileRef = A74D9E0E290ADF63006CE335 /* TabView.swift */; };
		A74D9E11290AE0E5006CE335 /* GroupView.swift in Sources */ = {isa = PBXBuildFile; fileRef = A74D9E10290AE0E5006CE335 /* GroupView.swift */; };
		A74D9E13290AE5BF006CE335 /* FormView.swift in Sources */ = {isa = PBXBuildFile; fileRef = A74D9E12290AE5BF006CE335 /* FormView.swift */; };
		A76845CA2912E1070015BB9A /* ModifiersAndExt.swift in Sources */ = {isa = PBXBuildFile; fileRef = A76845C92912E1070015BB9A /* ModifiersAndExt.swift */; };
		A76D3DF8290294F000457FB6 /* DesignApp.swift in Sources */ = {isa = PBXBuildFile; fileRef = A76D3DF7290294F000457FB6 /* DesignApp.swift */; };
		A76D3DFA290294F000457FB6 /* ContentView.swift in Sources */ = {isa = PBXBuildFile; fileRef = A76D3DF9290294F000457FB6 /* ContentView.swift */; };
		A76D3DFC290294F000457FB6 /* Assets.xcassets in Resources */ = {isa = PBXBuildFile; fileRef = A76D3DFB290294F000457FB6 /* Assets.xcassets */; };
		A76D3DFF290294F000457FB6 /* Preview Assets.xcassets in Resources */ = {isa = PBXBuildFile; fileRef = A76D3DFE290294F000457FB6 /* Preview Assets.xcassets */; };
		A78F917329070904008C589B /* taps.swift in Sources */ = {isa = PBXBuildFile; fileRef = A78F917229070904008C589B /* taps.swift */; };
		A78F917529070E96008C589B /* List.swift in Sources */ = {isa = PBXBuildFile; fileRef = A78F917429070E96008C589B /* List.swift */; };
		A7AF7D3829196AE500E9143B /* UserSettings.swift in Sources */ = {isa = PBXBuildFile; fileRef = A7AF7D3729196AE500E9143B /* UserSettings.swift */; };
		A7AF7D3A29196F3000E9143B /* ContentForUserSettings.swift in Sources */ = {isa = PBXBuildFile; fileRef = A7AF7D3929196F3000E9143B /* ContentForUserSettings.swift */; };
		A7AF7D3C2919715000E9143B /* DetailedView.swift in Sources */ = {isa = PBXBuildFile; fileRef = A7AF7D3B2919715000E9143B /* DetailedView.swift */; };
		A7AF7D4329197D2B00E9143B /* ContentForDetailedView.swift in Sources */ = {isa = PBXBuildFile; fileRef = A7AF7D4229197D2B00E9143B /* ContentForDetailedView.swift */; };
/* End PBXBuildFile section */

/* Begin PBXFileReference section */
		A71D7269291C14D700BFB3C9 /* UserDef.swift */ = {isa = PBXFileReference; lastKnownFileType = sourcecode.swift; path = UserDef.swift; sourceTree = "<group>"; };
		A7361EE12902A65900A0ABFA /* Image.swift */ = {isa = PBXFileReference; lastKnownFileType = sourcecode.swift; path = Image.swift; sourceTree = "<group>"; };
		A7361EE32902A71100A0ABFA /* Strings.swift */ = {isa = PBXFileReference; lastKnownFileType = sourcecode.swift; path = Strings.swift; sourceTree = "<group>"; };
		A7361EE52902B04000A0ABFA /* Gradient.swift */ = {isa = PBXFileReference; lastKnownFileType = sourcecode.swift; path = Gradient.swift; sourceTree = "<group>"; };
		A7361EE72902B50F00A0ABFA /* Toggle.swift */ = {isa = PBXFileReference; lastKnownFileType = sourcecode.swift; path = Toggle.swift; sourceTree = "<group>"; };
		A7361EE92902B87D00A0ABFA /* Button.swift */ = {isa = PBXFileReference; lastKnownFileType = sourcecode.swift; path = Button.swift; sourceTree = "<group>"; };
		A7361EEB2902BC8500A0ABFA /* Fields.swift */ = {isa = PBXFileReference; lastKnownFileType = sourcecode.swift; path = Fields.swift; sourceTree = "<group>"; };
		A7361EED2902BEB300A0ABFA /* changer.swift */ = {isa = PBXFileReference; lastKnownFileType = sourcecode.swift; path = changer.swift; sourceTree = "<group>"; };
		A7361EEF2902C34700A0ABFA /* Picker.swift */ = {isa = PBXFileReference; lastKnownFileType = sourcecode.swift; path = Picker.swift; sourceTree = "<group>"; };
		A7361EF12902C50800A0ABFA /* Stepper.swift */ = {isa = PBXFileReference; lastKnownFileType = sourcecode.swift; path = Stepper.swift; sourceTree = "<group>"; };
		A74735C7290ED42500CFCF53 /* Alerts.swift */ = {isa = PBXFileReference; lastKnownFileType = sourcecode.swift; path = Alerts.swift; sourceTree = "<group>"; };
		A74D9E0C290ADC25006CE335 /* NavigationView.swift */ = {isa = PBXFileReference; lastKnownFileType = sourcecode.swift; path = NavigationView.swift; sourceTree = "<group>"; };
		A74D9E0E290ADF63006CE335 /* TabView.swift */ = {isa = PBXFileReference; lastKnownFileType = sourcecode.swift; path = TabView.swift; sourceTree = "<group>"; };
		A74D9E10290AE0E5006CE335 /* GroupView.swift */ = {isa = PBXFileReference; lastKnownFileType = sourcecode.swift; path = GroupView.swift; sourceTree = "<group>"; };
		A74D9E12290AE5BF006CE335 /* FormView.swift */ = {isa = PBXFileReference; lastKnownFileType = sourcecode.swift; path = FormView.swift; sourceTree = "<group>"; };
		A76845C92912E1070015BB9A /* ModifiersAndExt.swift */ = {isa = PBXFileReference; lastKnownFileType = sourcecode.swift; path = ModifiersAndExt.swift; sourceTree = "<group>"; };
		A76D3DF4290294F000457FB6 /* Design.app */ = {isa = PBXFileReference; explicitFileType = wrapper.application; includeInIndex = 0; path = Design.app; sourceTree = BUILT_PRODUCTS_DIR; };
		A76D3DF7290294F000457FB6 /* DesignApp.swift */ = {isa = PBXFileReference; lastKnownFileType = sourcecode.swift; path = DesignApp.swift; sourceTree = "<group>"; };
		A76D3DF9290294F000457FB6 /* ContentView.swift */ = {isa = PBXFileReference; lastKnownFileType = sourcecode.swift; path = ContentView.swift; sourceTree = "<group>"; };
		A76D3DFB290294F000457FB6 /* Assets.xcassets */ = {isa = PBXFileReference; lastKnownFileType = folder.assetcatalog; path = Assets.xcassets; sourceTree = "<group>"; };
		A76D3DFE290294F000457FB6 /* Preview Assets.xcassets */ = {isa = PBXFileReference; lastKnownFileType = folder.assetcatalog; path = "Preview Assets.xcassets"; sourceTree = "<group>"; };
		A78F917229070904008C589B /* taps.swift */ = {isa = PBXFileReference; lastKnownFileType = sourcecode.swift; path = taps.swift; sourceTree = "<group>"; };
		A78F917429070E96008C589B /* List.swift */ = {isa = PBXFileReference; lastKnownFileType = sourcecode.swift; path = List.swift; sourceTree = "<group>"; };
		A7AF7D3729196AE500E9143B /* UserSettings.swift */ = {isa = PBXFileReference; lastKnownFileType = sourcecode.swift; path = UserSettings.swift; sourceTree = "<group>"; };
		A7AF7D3929196F3000E9143B /* ContentForUserSettings.swift */ = {isa = PBXFileReference; lastKnownFileType = sourcecode.swift; path = ContentForUserSettings.swift; sourceTree = "<group>"; };
		A7AF7D3B2919715000E9143B /* DetailedView.swift */ = {isa = PBXFileReference; lastKnownFileType = sourcecode.swift; path = DetailedView.swift; sourceTree = "<group>"; };
		A7AF7D4229197D2B00E9143B /* ContentForDetailedView.swift */ = {isa = PBXFileReference; lastKnownFileType = sourcecode.swift; path = ContentForDetailedView.swift; sourceTree = "<group>"; };
/* End PBXFileReference section */

/* Begin PBXFrameworksBuildPhase section */
		A76D3DF1290294F000457FB6 /* Frameworks */ = {
			isa = PBXFrameworksBuildPhase;
			buildActionMask = 2147483647;
			files = (
			);
			runOnlyForDeploymentPostprocessing = 0;
		};
/* End PBXFrameworksBuildPhase section */

/* Begin PBXGroup section */
		A71D7268291C14C900BFB3C9 /* UserDefaults */ = {
			isa = PBXGroup;
			children = (
				A71D7269291C14D700BFB3C9 /* UserDef.swift */,
			);
			path = UserDefaults;
			sourceTree = "<group>";
		};
		A76D3DEB290294F000457FB6 = {
			isa = PBXGroup;
			children = (
				A76D3DF6290294F000457FB6 /* Design */,
				A76D3DF5290294F000457FB6 /* Products */,
			);
			sourceTree = "<group>";
		};
		A76D3DF5290294F000457FB6 /* Products */ = {
			isa = PBXGroup;
			children = (
				A76D3DF4290294F000457FB6 /* Design.app */,
			);
			name = Products;
			sourceTree = "<group>";
		};
		A76D3DF6290294F000457FB6 /* Design */ = {
			isa = PBXGroup;
			children = (
				A76D3DF9290294F000457FB6 /* ContentView.swift */,
				A71D7268291C14C900BFB3C9 /* UserDefaults */,
				A7AF7D3F291978E200E9143B /* JustForSimple */,
				A7AF7D3629196AB700E9143B /* WorkingWithView */,
				A76D3DFB290294F000457FB6 /* Assets.xcassets */,
				A76D3DFD290294F000457FB6 /* Preview Content */,
			);
			path = Design;
			sourceTree = "<group>";
		};
		A76D3DFD290294F000457FB6 /* Preview Content */ = {
			isa = PBXGroup;
			children = (
				A76D3DFE290294F000457FB6 /* Preview Assets.xcassets */,
			);
			path = "Preview Content";
			sourceTree = "<group>";
		};
		A7AF7D3629196AB700E9143B /* WorkingWithView */ = {
			isa = PBXGroup;
			children = (
				A7AF7D3E2919783200E9143B /* ViewMovement */,
				A7AF7D3D2919781C00E9143B /* UserSetPropertyWrapper */,
			);
			path = WorkingWithView;
			sourceTree = "<group>";
		};
		A7AF7D3D2919781C00E9143B /* UserSetPropertyWrapper */ = {
			isa = PBXGroup;
			children = (
				A7AF7D3729196AE500E9143B /* UserSettings.swift */,
				A7AF7D3929196F3000E9143B /* ContentForUserSettings.swift */,
			);
			path = UserSetPropertyWrapper;
			sourceTree = "<group>";
		};
		A7AF7D3E2919783200E9143B /* ViewMovement */ = {
			isa = PBXGroup;
			children = (
				A7AF7D4229197D2B00E9143B /* ContentForDetailedView.swift */,
				A7AF7D3B2919715000E9143B /* DetailedView.swift */,
			);
			path = ViewMovement;
			sourceTree = "<group>";
		};
		A7AF7D3F291978E200E9143B /* JustForSimple */ = {
			isa = PBXGroup;
			children = (
				A78F917229070904008C589B /* taps.swift */,
				A7361EF12902C50800A0ABFA /* Stepper.swift */,
				A7361EEF2902C34700A0ABFA /* Picker.swift */,
				A7361EED2902BEB300A0ABFA /* changer.swift */,
				A7361EEB2902BC8500A0ABFA /* Fields.swift */,
				A7361EE92902B87D00A0ABFA /* Button.swift */,
				A7361EE72902B50F00A0ABFA /* Toggle.swift */,
				A7361EE52902B04000A0ABFA /* Gradient.swift */,
				A7361EE32902A71100A0ABFA /* Strings.swift */,
				A7361EE12902A65900A0ABFA /* Image.swift */,
				A78F917429070E96008C589B /* List.swift */,
				A74D9E0C290ADC25006CE335 /* NavigationView.swift */,
				A74D9E0E290ADF63006CE335 /* TabView.swift */,
				A74D9E10290AE0E5006CE335 /* GroupView.swift */,
				A74D9E12290AE5BF006CE335 /* FormView.swift */,
				A74735C7290ED42500CFCF53 /* Alerts.swift */,
				A76845C92912E1070015BB9A /* ModifiersAndExt.swift */,
				A76D3DF7290294F000457FB6 /* DesignApp.swift */,
			);
			path = JustForSimple;
			sourceTree = "<group>";
		};
/* End PBXGroup section */

/* Begin PBXNativeTarget section */
		A76D3DF3290294F000457FB6 /* Design */ = {
			isa = PBXNativeTarget;
			buildConfigurationList = A76D3E02290294F000457FB6 /* Build configuration list for PBXNativeTarget "Design" */;
			buildPhases = (
				A76D3DF0290294F000457FB6 /* Sources */,
				A76D3DF1290294F000457FB6 /* Frameworks */,
				A76D3DF2290294F000457FB6 /* Resources */,
			);
			buildRules = (
			);
			dependencies = (
			);
			name = Design;
			productName = Design;
			productReference = A76D3DF4290294F000457FB6 /* Design.app */;
			productType = "com.apple.product-type.application";
		};
/* End PBXNativeTarget section */

/* Begin PBXProject section */
		A76D3DEC290294F000457FB6 /* Project object */ = {
			isa = PBXProject;
			attributes = {
				BuildIndependentTargetsInParallel = 1;
				LastSwiftUpdateCheck = 1320;
				LastUpgradeCheck = 1320;
				TargetAttributes = {
					A76D3DF3290294F000457FB6 = {
						CreatedOnToolsVersion = 13.2.1;
					};
				};
			};
			buildConfigurationList = A76D3DEF290294F000457FB6 /* Build configuration list for PBXProject "Design" */;
			compatibilityVersion = "Xcode 13.0";
			developmentRegion = en;
			hasScannedForEncodings = 0;
			knownRegions = (
				en,
				Base,
			);
			mainGroup = A76D3DEB290294F000457FB6;
			productRefGroup = A76D3DF5290294F000457FB6 /* Products */;
			projectDirPath = "";
			projectRoot = "";
			targets = (
				A76D3DF3290294F000457FB6 /* Design */,
			);
		};
/* End PBXProject section */

/* Begin PBXResourcesBuildPhase section */
		A76D3DF2290294F000457FB6 /* Resources */ = {
			isa = PBXResourcesBuildPhase;
			buildActionMask = 2147483647;
			files = (
				A76D3DFF290294F000457FB6 /* Preview Assets.xcassets in Resources */,
				A76D3DFC290294F000457FB6 /* Assets.xcassets in Resources */,
			);
			runOnlyForDeploymentPostprocessing = 0;
		};
/* End PBXResourcesBuildPhase section */

/* Begin PBXSourcesBuildPhase section */
		A76D3DF0290294F000457FB6 /* Sources */ = {
			isa = PBXSourcesBuildPhase;
			buildActionMask = 2147483647;
			files = (
				A74D9E0D290ADC25006CE335 /* NavigationView.swift in Sources */,
				A7361EEA2902B87D00A0ABFA /* Button.swift in Sources */,
				A74D9E11290AE0E5006CE335 /* GroupView.swift in Sources */,
				A78F917329070904008C589B /* taps.swift in Sources */,
				A7AF7D3A29196F3000E9143B /* ContentForUserSettings.swift in Sources */,
				A7361EE62902B04000A0ABFA /* Gradient.swift in Sources */,
				A71D726A291C14D700BFB3C9 /* UserDef.swift in Sources */,
				A76D3DFA290294F000457FB6 /* ContentView.swift in Sources */,
				A78F917529070E96008C589B /* List.swift in Sources */,
				A7361EF02902C34800A0ABFA /* Picker.swift in Sources */,
				A7361EE22902A65900A0ABFA /* Image.swift in Sources */,
				A7361EE82902B50F00A0ABFA /* Toggle.swift in Sources */,
				A7AF7D4329197D2B00E9143B /* ContentForDetailedView.swift in Sources */,
				A7361EE42902A71100A0ABFA /* Strings.swift in Sources */,
				A74D9E0F290ADF63006CE335 /* TabView.swift in Sources */,
				A7361EEE2902BEB300A0ABFA /* changer.swift in Sources */,
				A7AF7D3C2919715000E9143B /* DetailedView.swift in Sources */,
				A7AF7D3829196AE500E9143B /* UserSettings.swift in Sources */,
				A7361EF22902C50800A0ABFA /* Stepper.swift in Sources */,
				A76845CA2912E1070015BB9A /* ModifiersAndExt.swift in Sources */,
				A7361EEC2902BC8500A0ABFA /* Fields.swift in Sources */,
				A74D9E13290AE5BF006CE335 /* FormView.swift in Sources */,
				A74735C8290ED42500CFCF53 /* Alerts.swift in Sources */,
				A76D3DF8290294F000457FB6 /* DesignApp.swift in Sources */,
			);
			runOnlyForDeploymentPostprocessing = 0;
		};
/* End PBXSourcesBuildPhase section */

/* Begin XCBuildConfiguration section */
		A76D3E00290294F000457FB6 /* Debug */ = {
			isa = XCBuildConfiguration;
			buildSettings = {
				ALWAYS_SEARCH_USER_PATHS = NO;
				CLANG_ANALYZER_NONNULL = YES;
				CLANG_ANALYZER_NUMBER_OBJECT_CONVERSION = YES_AGGRESSIVE;
				CLANG_CXX_LANGUAGE_STANDARD = "gnu++17";
				CLANG_CXX_LIBRARY = "libc++";
				CLANG_ENABLE_MODULES = YES;
				CLANG_ENABLE_OBJC_ARC = YES;
				CLANG_ENABLE_OBJC_WEAK = YES;
				CLANG_WARN_BLOCK_CAPTURE_AUTORELEASING = YES;
				CLANG_WARN_BOOL_CONVERSION = YES;
				CLANG_WARN_COMMA = YES;
				CLANG_WARN_CONSTANT_CONVERSION = YES;
				CLANG_WARN_DEPRECATED_OBJC_IMPLEMENTATIONS = YES;
				CLANG_WARN_DIRECT_OBJC_ISA_USAGE = YES_ERROR;
				CLANG_WARN_DOCUMENTATION_COMMENTS = YES;
				CLANG_WARN_EMPTY_BODY = YES;
				CLANG_WARN_ENUM_CONVERSION = YES;
				CLANG_WARN_INFINITE_RECURSION = YES;
				CLANG_WARN_INT_CONVERSION = YES;
				CLANG_WARN_NON_LITERAL_NULL_CONVERSION = YES;
				CLANG_WARN_OBJC_IMPLICIT_RETAIN_SELF = YES;
				CLANG_WARN_OBJC_LITERAL_CONVERSION = YES;
				CLANG_WARN_OBJC_ROOT_CLASS = YES_ERROR;
				CLANG_WARN_QUOTED_INCLUDE_IN_FRAMEWORK_HEADER = YES;
				CLANG_WARN_RANGE_LOOP_ANALYSIS = YES;
				CLANG_WARN_STRICT_PROTOTYPES = YES;
				CLANG_WARN_SUSPICIOUS_MOVE = YES;
				CLANG_WARN_UNGUARDED_AVAILABILITY = YES_AGGRESSIVE;
				CLANG_WARN_UNREACHABLE_CODE = YES;
				CLANG_WARN__DUPLICATE_METHOD_MATCH = YES;
				COPY_PHASE_STRIP = NO;
				DEBUG_INFORMATION_FORMAT = dwarf;
				ENABLE_STRICT_OBJC_MSGSEND = YES;
				ENABLE_TESTABILITY = YES;
				GCC_C_LANGUAGE_STANDARD = gnu11;
				GCC_DYNAMIC_NO_PIC = NO;
				GCC_NO_COMMON_BLOCKS = YES;
				GCC_OPTIMIZATION_LEVEL = 0;
				GCC_PREPROCESSOR_DEFINITIONS = (
					"DEBUG=1",
					"$(inherited)",
				);
				GCC_WARN_64_TO_32_BIT_CONVERSION = YES;
				GCC_WARN_ABOUT_RETURN_TYPE = YES_ERROR;
				GCC_WARN_UNDECLARED_SELECTOR = YES;
				GCC_WARN_UNINITIALIZED_AUTOS = YES_AGGRESSIVE;
				GCC_WARN_UNUSED_FUNCTION = YES;
				GCC_WARN_UNUSED_VARIABLE = YES;
				IPHONEOS_DEPLOYMENT_TARGET = 15.2;
				MTL_ENABLE_DEBUG_INFO = INCLUDE_SOURCE;
				MTL_FAST_MATH = YES;
				ONLY_ACTIVE_ARCH = YES;
				SDKROOT = iphoneos;
				SWIFT_ACTIVE_COMPILATION_CONDITIONS = DEBUG;
				SWIFT_OPTIMIZATION_LEVEL = "-Onone";
			};
			name = Debug;
		};
		A76D3E01290294F000457FB6 /* Release */ = {
			isa = XCBuildConfiguration;
			buildSettings = {
				ALWAYS_SEARCH_USER_PATHS = NO;
				CLANG_ANALYZER_NONNULL = YES;
				CLANG_ANALYZER_NUMBER_OBJECT_CONVERSION = YES_AGGRESSIVE;
				CLANG_CXX_LANGUAGE_STANDARD = "gnu++17";
				CLANG_CXX_LIBRARY = "libc++";
				CLANG_ENABLE_MODULES = YES;
				CLANG_ENABLE_OBJC_ARC = YES;
				CLANG_ENABLE_OBJC_WEAK = YES;
				CLANG_WARN_BLOCK_CAPTURE_AUTORELEASING = YES;
				CLANG_WARN_BOOL_CONVERSION = YES;
				CLANG_WARN_COMMA = YES;
				CLANG_WARN_CONSTANT_CONVERSION = YES;
				CLANG_WARN_DEPRECATED_OBJC_IMPLEMENTATIONS = YES;
				CLANG_WARN_DIRECT_OBJC_ISA_USAGE = YES_ERROR;
				CLANG_WARN_DOCUMENTATION_COMMENTS = YES;
				CLANG_WARN_EMPTY_BODY = YES;
				CLANG_WARN_ENUM_CONVERSION = YES;
				CLANG_WARN_INFINITE_RECURSION = YES;
				CLANG_WARN_INT_CONVERSION = YES;
				CLANG_WARN_NON_LITERAL_NULL_CONVERSION = YES;
				CLANG_WARN_OBJC_IMPLICIT_RETAIN_SELF = YES;
				CLANG_WARN_OBJC_LITERAL_CONVERSION = YES;
				CLANG_WARN_OBJC_ROOT_CLASS = YES_ERROR;
				CLANG_WARN_QUOTED_INCLUDE_IN_FRAMEWORK_HEADER = YES;
				CLANG_WARN_RANGE_LOOP_ANALYSIS = YES;
				CLANG_WARN_STRICT_PROTOTYPES = YES;
				CLANG_WARN_SUSPICIOUS_MOVE = YES;
				CLANG_WARN_UNGUARDED_AVAILABILITY = YES_AGGRESSIVE;
				CLANG_WARN_UNREACHABLE_CODE = YES;
				CLANG_WARN__DUPLICATE_METHOD_MATCH = YES;
				COPY_PHASE_STRIP = NO;
				DEBUG_INFORMATION_FORMAT = "dwarf-with-dsym";
				ENABLE_NS_ASSERTIONS = NO;
				ENABLE_STRICT_OBJC_MSGSEND = YES;
				GCC_C_LANGUAGE_STANDARD = gnu11;
				GCC_NO_COMMON_BLOCKS = YES;
				GCC_WARN_64_TO_32_BIT_CONVERSION = YES;
				GCC_WARN_ABOUT_RETURN_TYPE = YES_ERROR;
				GCC_WARN_UNDECLARED_SELECTOR = YES;
				GCC_WARN_UNINITIALIZED_AUTOS = YES_AGGRESSIVE;
				GCC_WARN_UNUSED_FUNCTION = YES;
				GCC_WARN_UNUSED_VARIABLE = YES;
				IPHONEOS_DEPLOYMENT_TARGET = 15.2;
				MTL_ENABLE_DEBUG_INFO = NO;
				MTL_FAST_MATH = YES;
				SDKROOT = iphoneos;
				SWIFT_COMPILATION_MODE = wholemodule;
				SWIFT_OPTIMIZATION_LEVEL = "-O";
				VALIDATE_PRODUCT = YES;
			};
			name = Release;
		};
		A76D3E03290294F000457FB6 /* Debug */ = {
			isa = XCBuildConfiguration;
			buildSettings = {
				ASSETCATALOG_COMPILER_APPICON_NAME = AppIcon;
				ASSETCATALOG_COMPILER_GLOBAL_ACCENT_COLOR_NAME = AccentColor;
				CODE_SIGN_STYLE = Automatic;
				CURRENT_PROJECT_VERSION = 1;
				DEVELOPMENT_ASSET_PATHS = "\"Design/Preview Content\"";
				DEVELOPMENT_TEAM = 9UGZTB7VYP;
				ENABLE_PREVIEWS = YES;
				GENERATE_INFOPLIST_FILE = YES;
				INFOPLIST_KEY_UIApplicationSceneManifest_Generation = YES;
				INFOPLIST_KEY_UIApplicationSupportsIndirectInputEvents = YES;
				INFOPLIST_KEY_UILaunchScreen_Generation = YES;
				INFOPLIST_KEY_UISupportedInterfaceOrientations_iPad = "UIInterfaceOrientationPortrait UIInterfaceOrientationPortraitUpsideDown UIInterfaceOrientationLandscapeLeft UIInterfaceOrientationLandscapeRight";
				INFOPLIST_KEY_UISupportedInterfaceOrientations_iPhone = "UIInterfaceOrientationPortrait UIInterfaceOrientationLandscapeLeft UIInterfaceOrientationLandscapeRight";
				LD_RUNPATH_SEARCH_PATHS = (
					"$(inherited)",
					"@executable_path/Frameworks",
				);
				MARKETING_VERSION = 1.0;
				PRODUCT_BUNDLE_IDENTIFIER = aibekigizbayev.Design;
				PRODUCT_NAME = "$(TARGET_NAME)";
				SWIFT_EMIT_LOC_STRINGS = YES;
				SWIFT_VERSION = 5.0;
				TARGETED_DEVICE_FAMILY = "1,2";
			};
			name = Debug;
		};
		A76D3E04290294F000457FB6 /* Release */ = {
			isa = XCBuildConfiguration;
			buildSettings = {
				ASSETCATALOG_COMPILER_APPICON_NAME = AppIcon;
				ASSETCATALOG_COMPILER_GLOBAL_ACCENT_COLOR_NAME = AccentColor;
				CODE_SIGN_STYLE = Automatic;
				CURRENT_PROJECT_VERSION = 1;
				DEVELOPMENT_ASSET_PATHS = "\"Design/Preview Content\"";
				DEVELOPMENT_TEAM = 9UGZTB7VYP;
				ENABLE_PREVIEWS = YES;
				GENERATE_INFOPLIST_FILE = YES;
				INFOPLIST_KEY_UIApplicationSceneManifest_Generation = YES;
				INFOPLIST_KEY_UIApplicationSupportsIndirectInputEvents = YES;
				INFOPLIST_KEY_UILaunchScreen_Generation = YES;
				INFOPLIST_KEY_UISupportedInterfaceOrientations_iPad = "UIInterfaceOrientationPortrait UIInterfaceOrientationPortraitUpsideDown UIInterfaceOrientationLandscapeLeft UIInterfaceOrientationLandscapeRight";
				INFOPLIST_KEY_UISupportedInterfaceOrientations_iPhone = "UIInterfaceOrientationPortrait UIInterfaceOrientationLandscapeLeft UIInterfaceOrientationLandscapeRight";
				LD_RUNPATH_SEARCH_PATHS = (
					"$(inherited)",
					"@executable_path/Frameworks",
				);
				MARKETING_VERSION = 1.0;
				PRODUCT_BUNDLE_IDENTIFIER = aibekigizbayev.Design;
				PRODUCT_NAME = "$(TARGET_NAME)";
				SWIFT_EMIT_LOC_STRINGS = YES;
				SWIFT_VERSION = 5.0;
				TARGETED_DEVICE_FAMILY = "1,2";
			};
			name = Release;
		};
/* End XCBuildConfiguration section */

/* Begin XCConfigurationList section */
		A76D3DEF290294F000457FB6 /* Build configuration list for PBXProject "Design" */ = {
			isa = XCConfigurationList;
			buildConfigurations = (
				A76D3E00290294F000457FB6 /* Debug */,
				A76D3E01290294F000457FB6 /* Release */,
			);
			defaultConfigurationIsVisible = 0;
			defaultConfigurationName = Release;
		};
		A76D3E02290294F000457FB6 /* Build configuration list for PBXNativeTarget "Design" */ = {
			isa = XCConfigurationList;
			buildConfigurations = (
				A76D3E03290294F000457FB6 /* Debug */,
				A76D3E04290294F000457FB6 /* Release */,
			);
			defaultConfigurationIsVisible = 0;
			defaultConfigurationName = Release;
		};
/* End XCConfigurationList section */
	};
	rootObject = A76D3DEC290294F000457FB6 /* Project object */;
}
